
Microsoft Visual Studio Solution File, Format Version 12.00
# Visual Studio Version 17
VisualStudioVersion = 17.8.34525.116
MinimumVisualStudioVersion = 10.0.40219.1
Project("{9A19103F-16F7-4668-BE54-9A1E7A4F7556}") = "task_1", "task_1\task_1.csproj", "{75DA33F7-56D8-4B05-9FE2-7FA0FFA629D2}"
EndProject
Project("{9A19103F-16F7-4668-BE54-9A1E7A4F7556}") = "task_2", "task_2\task_2.csproj", "{C91F8B94-CC39-4C0E-B0FE-2D7079026867}"
EndProject
Project("{9A19103F-16F7-4668-BE54-9A1E7A4F7556}") = "task_3", "task_3\task_3.csproj", "{2A744E78-0A0C-47A1-A11D-9F006F29E929}"
EndProject
Project("{9A19103F-16F7-4668-BE54-9A1E7A4F7556}") = "task_4", "task_4\task_4.csproj", "{EB021FCD-8955-4FBB-8BC9-36884065E3E9}"
EndProject
Project("{9A19103F-16F7-4668-BE54-9A1E7A4F7556}") = "task_5", "task_5\task_5.csproj", "{8111E3C9-95A1-4739-9C20-A16EC8A4040B}"
EndProject
Project("{9A19103F-16F7-4668-BE54-9A1E7A4F7556}") = "task_6", "task_6\task_6.csproj", "{0243B527-0F05-4D13-AF6C-2B34583F2E85}"
EndProject
Global
	GlobalSection(SolutionConfigurationPlatforms) = preSolution
		Debug|Any CPU = Debug|Any CPU
		Release|Any CPU = Release|Any CPU
	EndGlobalSection
	GlobalSection(ProjectConfigurationPlatforms) = postSolution
		{75DA33F7-56D8-4B05-9FE2-7FA0FFA629D2}.Debug|Any CPU.ActiveCfg = Debug|Any CPU
		{75DA33F7-56D8-4B05-9FE2-7FA0FFA629D2}.Debug|Any CPU.Build.0 = Debug|Any CPU
		{75DA33F7-56D8-4B05-9FE2-7FA0FFA629D2}.Release|Any CPU.ActiveCfg = Release|Any CPU
		{75DA33F7-56D8-4B05-9FE2-7FA0FFA629D2}.Release|Any CPU.Build.0 = Release|Any CPU
		{C91F8B94-CC39-4C0E-B0FE-2D7079026867}.Debug|Any CPU.ActiveCfg = Debug|Any CPU
		{C91F8B94-CC39-4C0E-B0FE-2D7079026867}.Debug|Any CPU.Build.0 = Debug|Any CPU
		{C91F8B94-CC39-4C0E-B0FE-2D7079026867}.Release|Any CPU.ActiveCfg = Release|Any CPU
		{C91F8B94-CC39-4C0E-B0FE-2D7079026867}.Release|Any CPU.Build.0 = Release|Any CPU
		{2A744E78-0A0C-47A1-A11D-9F006F29E929}.Debug|Any CPU.ActiveCfg = Debug|Any CPU
		{2A744E78-0A0C-47A1-A11D-9F006F29E929}.Debug|Any CPU.Build.0 = Debug|Any CPU
		{2A744E78-0A0C-47A1-A11D-9F006F29E929}.Release|Any CPU.ActiveCfg = Release|Any CPU
		{2A744E78-0A0C-47A1-A11D-9F006F29E929}.Release|Any CPU.Build.0 = Release|Any CPU
		{EB021FCD-8955-4FBB-8BC9-36884065E3E9}.Debug|Any CPU.ActiveCfg = Debug|Any CPU
		{EB021FCD-8955-4FBB-8BC9-36884065E3E9}.Debug|Any CPU.Build.0 = Debug|Any CPU
		{EB021FCD-8955-4FBB-8BC9-36884065E3E9}.Release|Any CPU.ActiveCfg = Release|Any CPU
		{EB021FCD-8955-4FBB-8BC9-36884065E3E9}.Release|Any CPU.Build.0 = Release|Any CPU
		{8111E3C9-95A1-4739-9C20-A16EC8A4040B}.Debug|Any CPU.ActiveCfg = Debug|Any CPU
		{8111E3C9-95A1-4739-9C20-A16EC8A4040B}.Debug|Any CPU.Build.0 = Debug|Any CPU
		{8111E3C9-95A1-4739-9C20-A16EC8A4040B}.Release|Any CPU.ActiveCfg = Release|Any CPU
		{8111E3C9-95A1-4739-9C20-A16EC8A4040B}.Release|Any CPU.Build.0 = Release|Any CPU
		{0243B527-0F05-4D13-AF6C-2B34583F2E85}.Debug|Any CPU.ActiveCfg = Debug|Any CPU
		{0243B527-0F05-4D13-AF6C-2B34583F2E85}.Debug|Any CPU.Build.0 = Debug|Any CPU
		{0243B527-0F05-4D13-AF6C-2B34583F2E85}.Release|Any CPU.ActiveCfg = Release|Any CPU
		{0243B527-0F05-4D13-AF6C-2B34583F2E85}.Release|Any CPU.Build.0 = Release|Any CPU
	EndGlobalSection
	GlobalSection(SolutionProperties) = preSolution
		HideSolutionNode = FALSE
	EndGlobalSection
	GlobalSection(ExtensibilityGlobals) = postSolution
		SolutionGuid = {2AB290A7-171C-4131-958D-D9E20DE35893}
	EndGlobalSection
EndGlobal
